// !$*UTF8*$!
{
	archiveVersion = 1;
	classes = {
	};
	objectVersion = 51;
	objects = {

/* Begin PBXBuildFile section */
		3B2F386A1736545EB8019558 /* Pods_YMDouYuZBUITests.framework in Frameworks */ = {isa = PBXBuildFile; fileRef = 179E638D74D7C05030D48FE3 /* Pods_YMDouYuZBUITests.framework */; };
		8F8B9E7BDA5AB7212463242D /* Pods_YMDouYuZB.framework in Frameworks */ = {isa = PBXBuildFile; fileRef = C554BFDCB298285049E0589D /* Pods_YMDouYuZB.framework */; };
		A0397807241606FE00C2ED10 /* AppDelegate.swift in Sources */ = {isa = PBXBuildFile; fileRef = A0397806241606FE00C2ED10 /* AppDelegate.swift */; };
		A0397809241606FE00C2ED10 /* SceneDelegate.swift in Sources */ = {isa = PBXBuildFile; fileRef = A0397808241606FE00C2ED10 /* SceneDelegate.swift */; };
		A039780B241606FE00C2ED10 /* ViewController.swift in Sources */ = {isa = PBXBuildFile; fileRef = A039780A241606FE00C2ED10 /* ViewController.swift */; };
		A039780E241606FE00C2ED10 /* Main.storyboard in Resources */ = {isa = PBXBuildFile; fileRef = A039780C241606FE00C2ED10 /* Main.storyboard */; };
		A03978102416070300C2ED10 /* Assets.xcassets in Resources */ = {isa = PBXBuildFile; fileRef = A039780F2416070300C2ED10 /* Assets.xcassets */; };
		A03978132416070300C2ED10 /* LaunchScreen.storyboard in Resources */ = {isa = PBXBuildFile; fileRef = A03978112416070300C2ED10 /* LaunchScreen.storyboard */; };
		A039781E2416070400C2ED10 /* YMDouYuZBTests.swift in Sources */ = {isa = PBXBuildFile; fileRef = A039781D2416070400C2ED10 /* YMDouYuZBTests.swift */; };
		A03978292416070400C2ED10 /* YMDouYuZBUITests.swift in Sources */ = {isa = PBXBuildFile; fileRef = A03978282416070400C2ED10 /* YMDouYuZBUITests.swift */; };
		A039784124162CCD00C2ED10 /* Live.storyboard in Resources */ = {isa = PBXBuildFile; fileRef = A039784024162CCD00C2ED10 /* Live.storyboard */; };
		A039784624162CF600C2ED10 /* Profile.storyboard in Resources */ = {isa = PBXBuildFile; fileRef = A039784524162CF600C2ED10 /* Profile.storyboard */; };
		A0397848241635BE00C2ED10 /* MainViewController.swift in Sources */ = {isa = PBXBuildFile; fileRef = A0397847241635BE00C2ED10 /* MainViewController.swift */; };
		A039784A2416380100C2ED10 /* Home.storyboard in Resources */ = {isa = PBXBuildFile; fileRef = A03978492416380100C2ED10 /* Home.storyboard */; };
		A039784C2416382C00C2ED10 /* Follow.storyboard in Resources */ = {isa = PBXBuildFile; fileRef = A039784B2416382C00C2ED10 /* Follow.storyboard */; };
		A0397854241646B500C2ED10 /* HomeViewController.swift in Sources */ = {isa = PBXBuildFile; fileRef = A0397853241646B500C2ED10 /* HomeViewController.swift */; };
		A0397857241657C100C2ED10 /* UIBarButtonItem_Extention.swift in Sources */ = {isa = PBXBuildFile; fileRef = A0397856241657C100C2ED10 /* UIBarButtonItem_Extention.swift */; };
		A04FB4B52417277A00B6C9DC /* PageTitleView.swift in Sources */ = {isa = PBXBuildFile; fileRef = A04FB4B42417277A00B6C9DC /* PageTitleView.swift */; };
		A04FB4B72417348900B6C9DC /* Common.swift in Sources */ = {isa = PBXBuildFile; fileRef = A04FB4B62417348900B6C9DC /* Common.swift */; };
		A04FB4B9241768CB00B6C9DC /* PageContentView.swift in Sources */ = {isa = PBXBuildFile; fileRef = A04FB4B8241768CB00B6C9DC /* PageContentView.swift */; };
		A04FB4BB24176E8200B6C9DC /* UIColor_Extention.swift in Sources */ = {isa = PBXBuildFile; fileRef = A04FB4BA24176E8200B6C9DC /* UIColor_Extention.swift */; };
		A057A12F2418D6840025CAF6 /* RecommendController.swift in Sources */ = {isa = PBXBuildFile; fileRef = A057A12E2418D6830025CAF6 /* RecommendController.swift */; };
		A057A1322419CD550025CAF6 /* RecommendReusableHeaderView.swift in Sources */ = {isa = PBXBuildFile; fileRef = A057A1302419CD550025CAF6 /* RecommendReusableHeaderView.swift */; };
		A057A1332419CD550025CAF6 /* RecommendReusableHeaderView.xib in Resources */ = {isa = PBXBuildFile; fileRef = A057A1312419CD550025CAF6 /* RecommendReusableHeaderView.xib */; };
		A057A1362419D24C0025CAF6 /* CollectionViewNormalCell.swift in Sources */ = {isa = PBXBuildFile; fileRef = A057A1342419D24C0025CAF6 /* CollectionViewNormalCell.swift */; };
		A057A1372419D24C0025CAF6 /* CollectionViewNormalCell.xib in Resources */ = {isa = PBXBuildFile; fileRef = A057A1352419D24C0025CAF6 /* CollectionViewNormalCell.xib */; };
		A057A13A2419DCA60025CAF6 /* CollectionViewPrettyCell.swift in Sources */ = {isa = PBXBuildFile; fileRef = A057A1382419DCA60025CAF6 /* CollectionViewPrettyCell.swift */; };
		A057A13B2419DCA60025CAF6 /* CollectionViewPrettyCell.xib in Resources */ = {isa = PBXBuildFile; fileRef = A057A1392419DCA60025CAF6 /* CollectionViewPrettyCell.xib */; };
		A057A13D2419FE0A0025CAF6 /* NetworkTools.swift in Sources */ = {isa = PBXBuildFile; fileRef = A057A13C2419FE0A0025CAF6 /* NetworkTools.swift */; };
		A0CD548A241A136B007FF54E /* RecommedViewModel.swift in Sources */ = {isa = PBXBuildFile; fileRef = A0CD5489241A136B007FF54E /* RecommedViewModel.swift */; };
		A0CD548C241A16D9007FF54E /* NSDate-Extension.swift in Sources */ = {isa = PBXBuildFile; fileRef = A0CD548B241A16D9007FF54E /* NSDate-Extension.swift */; };
		A0CD548E241A1C33007FF54E /* AnchorModel.swift in Sources */ = {isa = PBXBuildFile; fileRef = A0CD548D241A1C33007FF54E /* AnchorModel.swift */; };
		A0CD5490241A1C50007FF54E /* AnchorGroupModel.swift in Sources */ = {isa = PBXBuildFile; fileRef = A0CD548F241A1C50007FF54E /* AnchorGroupModel.swift */; };
		A0CD5492241A22BB007FF54E /* BaseGameModel.swift in Sources */ = {isa = PBXBuildFile; fileRef = A0CD5491241A22BB007FF54E /* BaseGameModel.swift */; };
		BFDA14C3E000B21C576942AD /* Pods_YMDouYuZBTests.framework in Frameworks */ = {isa = PBXBuildFile; fileRef = 9531F3E4FABF0DDF2144F6CF /* Pods_YMDouYuZBTests.framework */; };
/* End PBXBuildFile section */

/* Begin PBXContainerItemProxy section */
		A039781A2416070400C2ED10 /* PBXContainerItemProxy */ = {
			isa = PBXContainerItemProxy;
			containerPortal = A03977FB241606FE00C2ED10 /* Project object */;
			proxyType = 1;
			remoteGlobalIDString = A0397802241606FE00C2ED10;
			remoteInfo = YMDouYuZB;
		};
		A03978252416070400C2ED10 /* PBXContainerItemProxy */ = {
			isa = PBXContainerItemProxy;
			containerPortal = A03977FB241606FE00C2ED10 /* Project object */;
			proxyType = 1;
			remoteGlobalIDString = A0397802241606FE00C2ED10;
			remoteInfo = YMDouYuZB;
		};
/* End PBXContainerItemProxy section */

/* Begin PBXFileReference section */
		179E638D74D7C05030D48FE3 /* Pods_YMDouYuZBUITests.framework */ = {isa = PBXFileReference; explicitFileType = wrapper.framework; includeInIndex = 0; path = Pods_YMDouYuZBUITests.framework; sourceTree = BUILT_PRODUCTS_DIR; };
		2A8C535B9539EBA5816925D2 /* Pods-YMDouYuZB.debug.xcconfig */ = {isa = PBXFileReference; includeInIndex = 1; lastKnownFileType = text.xcconfig; name = "Pods-YMDouYuZB.debug.xcconfig"; path = "Target Support Files/Pods-YMDouYuZB/Pods-YMDouYuZB.debug.xcconfig"; sourceTree = "<group>"; };
		2B975FFB6E5E29E819AF92B0 /* Pods-YMDouYuZB.release.xcconfig */ = {isa = PBXFileReference; includeInIndex = 1; lastKnownFileType = text.xcconfig; name = "Pods-YMDouYuZB.release.xcconfig"; path = "Target Support Files/Pods-YMDouYuZB/Pods-YMDouYuZB.release.xcconfig"; sourceTree = "<group>"; };
		48A551C11B4985D419C3AD5F /* Pods-YMDouYuZBTests.release.xcconfig */ = {isa = PBXFileReference; includeInIndex = 1; lastKnownFileType = text.xcconfig; name = "Pods-YMDouYuZBTests.release.xcconfig"; path = "Target Support Files/Pods-YMDouYuZBTests/Pods-YMDouYuZBTests.release.xcconfig"; sourceTree = "<group>"; };
		68FF4C16A3EE685B8CCECFF9 /* Pods-YMDouYuZBTests.debug.xcconfig */ = {isa = PBXFileReference; includeInIndex = 1; lastKnownFileType = text.xcconfig; name = "Pods-YMDouYuZBTests.debug.xcconfig"; path = "Target Support Files/Pods-YMDouYuZBTests/Pods-YMDouYuZBTests.debug.xcconfig"; sourceTree = "<group>"; };
		9531F3E4FABF0DDF2144F6CF /* Pods_YMDouYuZBTests.framework */ = {isa = PBXFileReference; explicitFileType = wrapper.framework; includeInIndex = 0; path = Pods_YMDouYuZBTests.framework; sourceTree = BUILT_PRODUCTS_DIR; };
		A0397803241606FE00C2ED10 /* YMDouYuZB.app */ = {isa = PBXFileReference; explicitFileType = wrapper.application; includeInIndex = 0; path = YMDouYuZB.app; sourceTree = BUILT_PRODUCTS_DIR; };
		A0397806241606FE00C2ED10 /* AppDelegate.swift */ = {isa = PBXFileReference; lastKnownFileType = sourcecode.swift; path = AppDelegate.swift; sourceTree = "<group>"; };
		A0397808241606FE00C2ED10 /* SceneDelegate.swift */ = {isa = PBXFileReference; lastKnownFileType = sourcecode.swift; path = SceneDelegate.swift; sourceTree = "<group>"; };
		A039780A241606FE00C2ED10 /* ViewController.swift */ = {isa = PBXFileReference; lastKnownFileType = sourcecode.swift; path = ViewController.swift; sourceTree = "<group>"; };
		A039780D241606FE00C2ED10 /* Base */ = {isa = PBXFileReference; lastKnownFileType = file.storyboard; name = Base; path = Base.lproj/Main.storyboard; sourceTree = "<group>"; };
		A039780F2416070300C2ED10 /* Assets.xcassets */ = {isa = PBXFileReference; lastKnownFileType = folder.assetcatalog; path = Assets.xcassets; sourceTree = "<group>"; };
		A03978122416070300C2ED10 /* Base */ = {isa = PBXFileReference; lastKnownFileType = file.storyboard; name = Base; path = Base.lproj/LaunchScreen.storyboard; sourceTree = "<group>"; };
		A03978142416070300C2ED10 /* Info.plist */ = {isa = PBXFileReference; lastKnownFileType = text.plist.xml; path = Info.plist; sourceTree = "<group>"; };
		A03978192416070400C2ED10 /* YMDouYuZBTests.xctest */ = {isa = PBXFileReference; explicitFileType = wrapper.cfbundle; includeInIndex = 0; path = YMDouYuZBTests.xctest; sourceTree = BUILT_PRODUCTS_DIR; };
		A039781D2416070400C2ED10 /* YMDouYuZBTests.swift */ = {isa = PBXFileReference; lastKnownFileType = sourcecode.swift; path = YMDouYuZBTests.swift; sourceTree = "<group>"; };
		A039781F2416070400C2ED10 /* Info.plist */ = {isa = PBXFileReference; lastKnownFileType = text.plist.xml; path = Info.plist; sourceTree = "<group>"; };
		A03978242416070400C2ED10 /* YMDouYuZBUITests.xctest */ = {isa = PBXFileReference; explicitFileType = wrapper.cfbundle; includeInIndex = 0; path = YMDouYuZBUITests.xctest; sourceTree = BUILT_PRODUCTS_DIR; };
		A03978282416070400C2ED10 /* YMDouYuZBUITests.swift */ = {isa = PBXFileReference; lastKnownFileType = sourcecode.swift; path = YMDouYuZBUITests.swift; sourceTree = "<group>"; };
		A039782A2416070400C2ED10 /* Info.plist */ = {isa = PBXFileReference; lastKnownFileType = text.plist.xml; path = Info.plist; sourceTree = "<group>"; };
		A039784024162CCD00C2ED10 /* Live.storyboard */ = {isa = PBXFileReference; fileEncoding = 4; lastKnownFileType = file.storyboard; path = Live.storyboard; sourceTree = "<group>"; };
		A039784524162CF600C2ED10 /* Profile.storyboard */ = {isa = PBXFileReference; fileEncoding = 4; lastKnownFileType = file.storyboard; path = Profile.storyboard; sourceTree = "<group>"; };
		A0397847241635BE00C2ED10 /* MainViewController.swift */ = {isa = PBXFileReference; lastKnownFileType = sourcecode.swift; path = MainViewController.swift; sourceTree = "<group>"; };
		A03978492416380100C2ED10 /* Home.storyboard */ = {isa = PBXFileReference; lastKnownFileType = file.storyboard; path = Home.storyboard; sourceTree = "<group>"; };
		A039784B2416382C00C2ED10 /* Follow.storyboard */ = {isa = PBXFileReference; lastKnownFileType = file.storyboard; path = Follow.storyboard; sourceTree = "<group>"; };
		A0397853241646B500C2ED10 /* HomeViewController.swift */ = {isa = PBXFileReference; lastKnownFileType = sourcecode.swift; path = HomeViewController.swift; sourceTree = "<group>"; };
		A0397856241657C100C2ED10 /* UIBarButtonItem_Extention.swift */ = {isa = PBXFileReference; lastKnownFileType = sourcecode.swift; path = UIBarButtonItem_Extention.swift; sourceTree = "<group>"; };
		A04FB4B42417277A00B6C9DC /* PageTitleView.swift */ = {isa = PBXFileReference; lastKnownFileType = sourcecode.swift; path = PageTitleView.swift; sourceTree = "<group>"; };
		A04FB4B62417348900B6C9DC /* Common.swift */ = {isa = PBXFileReference; lastKnownFileType = sourcecode.swift; path = Common.swift; sourceTree = "<group>"; };
		A04FB4B8241768CB00B6C9DC /* PageContentView.swift */ = {isa = PBXFileReference; lastKnownFileType = sourcecode.swift; path = PageContentView.swift; sourceTree = "<group>"; };
		A04FB4BA24176E8200B6C9DC /* UIColor_Extention.swift */ = {isa = PBXFileReference; lastKnownFileType = sourcecode.swift; path = UIColor_Extention.swift; sourceTree = "<group>"; };
		A057A12E2418D6830025CAF6 /* RecommendController.swift */ = {isa = PBXFileReference; lastKnownFileType = sourcecode.swift; path = RecommendController.swift; sourceTree = "<group>"; };
		A057A1302419CD550025CAF6 /* RecommendReusableHeaderView.swift */ = {isa = PBXFileReference; lastKnownFileType = sourcecode.swift; path = RecommendReusableHeaderView.swift; sourceTree = "<group>"; };
		A057A1312419CD550025CAF6 /* RecommendReusableHeaderView.xib */ = {isa = PBXFileReference; lastKnownFileType = file.xib; path = RecommendReusableHeaderView.xib; sourceTree = "<group>"; };
		A057A1342419D24C0025CAF6 /* CollectionViewNormalCell.swift */ = {isa = PBXFileReference; lastKnownFileType = sourcecode.swift; path = CollectionViewNormalCell.swift; sourceTree = "<group>"; };
		A057A1352419D24C0025CAF6 /* CollectionViewNormalCell.xib */ = {isa = PBXFileReference; lastKnownFileType = file.xib; path = CollectionViewNormalCell.xib; sourceTree = "<group>"; };
		A057A1382419DCA60025CAF6 /* CollectionViewPrettyCell.swift */ = {isa = PBXFileReference; lastKnownFileType = sourcecode.swift; path = CollectionViewPrettyCell.swift; sourceTree = "<group>"; };
		A057A1392419DCA60025CAF6 /* CollectionViewPrettyCell.xib */ = {isa = PBXFileReference; lastKnownFileType = file.xib; path = CollectionViewPrettyCell.xib; sourceTree = "<group>"; };
		A057A13C2419FE0A0025CAF6 /* NetworkTools.swift */ = {isa = PBXFileReference; lastKnownFileType = sourcecode.swift; path = NetworkTools.swift; sourceTree = "<group>"; };
		A0CD5489241A136B007FF54E /* RecommedViewModel.swift */ = {isa = PBXFileReference; lastKnownFileType = sourcecode.swift; path = RecommedViewModel.swift; sourceTree = "<group>"; };
		A0CD548B241A16D9007FF54E /* NSDate-Extension.swift */ = {isa = PBXFileReference; lastKnownFileType = sourcecode.swift; path = "NSDate-Extension.swift"; sourceTree = "<group>"; };
		A0CD548D241A1C33007FF54E /* AnchorModel.swift */ = {isa = PBXFileReference; lastKnownFileType = sourcecode.swift; path = AnchorModel.swift; sourceTree = "<group>"; };
		A0CD548F241A1C50007FF54E /* AnchorGroupModel.swift */ = {isa = PBXFileReference; lastKnownFileType = sourcecode.swift; path = AnchorGroupModel.swift; sourceTree = "<group>"; };
		A0CD5491241A22BB007FF54E /* BaseGameModel.swift */ = {isa = PBXFileReference; lastKnownFileType = sourcecode.swift; path = BaseGameModel.swift; sourceTree = "<group>"; };
		A70FAE2476D7012BEABCF385 /* Pods-YMDouYuZBUITests.debug.xcconfig */ = {isa = PBXFileReference; includeInIndex = 1; lastKnownFileType = text.xcconfig; name = "Pods-YMDouYuZBUITests.debug.xcconfig"; path = "Target Support Files/Pods-YMDouYuZBUITests/Pods-YMDouYuZBUITests.debug.xcconfig"; sourceTree = "<group>"; };
		B62533A82B98888C69896783 /* Pods-YMDouYuZBUITests.release.xcconfig */ = {isa = PBXFileReference; includeInIndex = 1; lastKnownFileType = text.xcconfig; name = "Pods-YMDouYuZBUITests.release.xcconfig"; path = "Target Support Files/Pods-YMDouYuZBUITests/Pods-YMDouYuZBUITests.release.xcconfig"; sourceTree = "<group>"; };
		C554BFDCB298285049E0589D /* Pods_YMDouYuZB.framework */ = {isa = PBXFileReference; explicitFileType = wrapper.framework; includeInIndex = 0; path = Pods_YMDouYuZB.framework; sourceTree = BUILT_PRODUCTS_DIR; };
/* End PBXFileReference section */

/* Begin PBXFrameworksBuildPhase section */
		A0397800241606FE00C2ED10 /* Frameworks */ = {
			isa = PBXFrameworksBuildPhase;
			buildActionMask = 2147483647;
			files = (
				8F8B9E7BDA5AB7212463242D /* Pods_YMDouYuZB.framework in Frameworks */,
			);
			runOnlyForDeploymentPostprocessing = 0;
		};
		A03978162416070400C2ED10 /* Frameworks */ = {
			isa = PBXFrameworksBuildPhase;
			buildActionMask = 2147483647;
			files = (
				BFDA14C3E000B21C576942AD /* Pods_YMDouYuZBTests.framework in Frameworks */,
			);
			runOnlyForDeploymentPostprocessing = 0;
		};
		A03978212416070400C2ED10 /* Frameworks */ = {
			isa = PBXFrameworksBuildPhase;
			buildActionMask = 2147483647;
			files = (
				3B2F386A1736545EB8019558 /* Pods_YMDouYuZBUITests.framework in Frameworks */,
			);
			runOnlyForDeploymentPostprocessing = 0;
		};
/* End PBXFrameworksBuildPhase section */

/* Begin PBXGroup section */
		86E2B884FC26661D4227129A /* Frameworks */ = {
			isa = PBXGroup;
			children = (
				C554BFDCB298285049E0589D /* Pods_YMDouYuZB.framework */,
				9531F3E4FABF0DDF2144F6CF /* Pods_YMDouYuZBTests.framework */,
				179E638D74D7C05030D48FE3 /* Pods_YMDouYuZBUITests.framework */,
			);
			name = Frameworks;
			sourceTree = "<group>";
		};
		A03977FA241606FE00C2ED10 = {
			isa = PBXGroup;
			children = (
				A0397805241606FE00C2ED10 /* YMDouYuZB */,
				A039781C2416070400C2ED10 /* YMDouYuZBTests */,
				A03978272416070400C2ED10 /* YMDouYuZBUITests */,
				A0397804241606FE00C2ED10 /* Products */,
				CDDE51E8BA1D34AEC6E6A4DD /* Pods */,
				86E2B884FC26661D4227129A /* Frameworks */,
			);
			sourceTree = "<group>";
		};
		A0397804241606FE00C2ED10 /* Products */ = {
			isa = PBXGroup;
			children = (
				A0397803241606FE00C2ED10 /* YMDouYuZB.app */,
				A03978192416070400C2ED10 /* YMDouYuZBTests.xctest */,
				A03978242416070400C2ED10 /* YMDouYuZBUITests.xctest */,
			);
			name = Products;
			sourceTree = "<group>";
		};
		A0397805241606FE00C2ED10 /* YMDouYuZB */ = {
			isa = PBXGroup;
			children = (
				A0397836241625E800C2ED10 /* classess */,
				A0397806241606FE00C2ED10 /* AppDelegate.swift */,
				A0397808241606FE00C2ED10 /* SceneDelegate.swift */,
				A039780A241606FE00C2ED10 /* ViewController.swift */,
				A039780F2416070300C2ED10 /* Assets.xcassets */,
				A03978112416070300C2ED10 /* LaunchScreen.storyboard */,
				A03978142416070300C2ED10 /* Info.plist */,
			);
			path = YMDouYuZB;
			sourceTree = "<group>";
		};
		A039781C2416070400C2ED10 /* YMDouYuZBTests */ = {
			isa = PBXGroup;
			children = (
				A039781D2416070400C2ED10 /* YMDouYuZBTests.swift */,
				A039781F2416070400C2ED10 /* Info.plist */,
			);
			path = YMDouYuZBTests;
			sourceTree = "<group>";
		};
		A03978272416070400C2ED10 /* YMDouYuZBUITests */ = {
			isa = PBXGroup;
			children = (
				A03978282416070400C2ED10 /* YMDouYuZBUITests.swift */,
				A039782A2416070400C2ED10 /* Info.plist */,
			);
			path = YMDouYuZBUITests;
			sourceTree = "<group>";
		};
		A0397836241625E800C2ED10 /* classess */ = {
			isa = PBXGroup;
			children = (
				A039783C241625E800C2ED10 /* Main */,
				A0397837241625E800C2ED10 /* Home */,
				A0397839241625E800C2ED10 /* Live  */,
				A039783A241625E800C2ED10 /* Follow */,
				A039783B241625E800C2ED10 /* Profile */,
			);
			path = classess;
			sourceTree = "<group>";
		};
		A0397837241625E800C2ED10 /* Home */ = {
			isa = PBXGroup;
			children = (
				A0CD5488241A133E007FF54E /* ViewModel  */,
				A039784F2416468300C2ED10 /* Model  */,
				A039784E2416467E00C2ED10 /* View */,
				A039784D2416467200C2ED10 /* controller  */,
				A03978492416380100C2ED10 /* Home.storyboard */,
			);
			path = Home;
			sourceTree = "<group>";
		};
		A0397838241625E800C2ED10 /* Tools */ = {
			isa = PBXGroup;
			children = (
				A0397855241656BD00C2ED10 /* Extention */,
				A04FB4B62417348900B6C9DC /* Common.swift */,
				A057A13C2419FE0A0025CAF6 /* NetworkTools.swift */,
			);
			path = Tools;
			sourceTree = "<group>";
		};
		A0397839241625E800C2ED10 /* Live  */ = {
			isa = PBXGroup;
			children = (
				A039784024162CCD00C2ED10 /* Live.storyboard */,
			);
			path = "Live ";
			sourceTree = "<group>";
		};
		A039783A241625E800C2ED10 /* Follow */ = {
			isa = PBXGroup;
			children = (
				A039784B2416382C00C2ED10 /* Follow.storyboard */,
			);
			path = Follow;
			sourceTree = "<group>";
		};
		A039783B241625E800C2ED10 /* Profile */ = {
			isa = PBXGroup;
			children = (
				A0397838241625E800C2ED10 /* Tools */,
				A039784524162CF600C2ED10 /* Profile.storyboard */,
			);
			path = Profile;
			sourceTree = "<group>";
		};
		A039783C241625E800C2ED10 /* Main */ = {
			isa = PBXGroup;
			children = (
				A03978522416469900C2ED10 /* Model  */,
				A03978512416469200C2ED10 /* View */,
				A03978502416468900C2ED10 /* Controller */,
				A039780C241606FE00C2ED10 /* Main.storyboard */,
			);
			path = Main;
			sourceTree = "<group>";
		};
		A039784D2416467200C2ED10 /* controller  */ = {
			isa = PBXGroup;
			children = (
				A0397853241646B500C2ED10 /* HomeViewController.swift */,
				A057A12E2418D6830025CAF6 /* RecommendController.swift */,
			);
			path = "controller ";
			sourceTree = "<group>";
		};
		A039784E2416467E00C2ED10 /* View */ = {
			isa = PBXGroup;
			children = (
				A057A1302419CD550025CAF6 /* RecommendReusableHeaderView.swift */,
				A057A1312419CD550025CAF6 /* RecommendReusableHeaderView.xib */,
			);
			path = View;
			sourceTree = "<group>";
		};
		A039784F2416468300C2ED10 /* Model  */ = {
			isa = PBXGroup;
			children = (
			);
			path = "Model ";
			sourceTree = "<group>";
		};
		A03978502416468900C2ED10 /* Controller */ = {
			isa = PBXGroup;
			children = (
				A0397847241635BE00C2ED10 /* MainViewController.swift */,
			);
			path = Controller;
			sourceTree = "<group>";
		};
		A03978512416469200C2ED10 /* View */ = {
			isa = PBXGroup;
			children = (
				A04FB4B42417277A00B6C9DC /* PageTitleView.swift */,
				A04FB4B8241768CB00B6C9DC /* PageContentView.swift */,
				A057A1342419D24C0025CAF6 /* CollectionViewNormalCell.swift */,
				A057A1352419D24C0025CAF6 /* CollectionViewNormalCell.xib */,
				A057A1382419DCA60025CAF6 /* CollectionViewPrettyCell.swift */,
				A057A1392419DCA60025CAF6 /* CollectionViewPrettyCell.xib */,
			);
			path = View;
			sourceTree = "<group>";
		};
		A03978522416469900C2ED10 /* Model  */ = {
			isa = PBXGroup;
			children = (
				A0CD548D241A1C33007FF54E /* AnchorModel.swift */,
				A0CD548F241A1C50007FF54E /* AnchorGroupModel.swift */,
				A0CD5491241A22BB007FF54E /* BaseGameModel.swift */,
			);
			path = "Model ";
			sourceTree = "<group>";
		};
		A0397855241656BD00C2ED10 /* Extention */ = {
			isa = PBXGroup;
			children = (
				A0397856241657C100C2ED10 /* UIBarButtonItem_Extention.swift */,
				A04FB4BA24176E8200B6C9DC /* UIColor_Extention.swift */,
				A0CD548B241A16D9007FF54E /* NSDate-Extension.swift */,
			);
			path = Extention;
			sourceTree = "<group>";
		};
		A0CD5488241A133E007FF54E /* ViewModel  */ = {
			isa = PBXGroup;
			children = (
				A0CD5489241A136B007FF54E /* RecommedViewModel.swift */,
			);
			path = "ViewModel ";
			sourceTree = "<group>";
		};
		CDDE51E8BA1D34AEC6E6A4DD /* Pods */ = {
			isa = PBXGroup;
			children = (
				2A8C535B9539EBA5816925D2 /* Pods-YMDouYuZB.debug.xcconfig */,
				2B975FFB6E5E29E819AF92B0 /* Pods-YMDouYuZB.release.xcconfig */,
				68FF4C16A3EE685B8CCECFF9 /* Pods-YMDouYuZBTests.debug.xcconfig */,
				48A551C11B4985D419C3AD5F /* Pods-YMDouYuZBTests.release.xcconfig */,
				A70FAE2476D7012BEABCF385 /* Pods-YMDouYuZBUITests.debug.xcconfig */,
				B62533A82B98888C69896783 /* Pods-YMDouYuZBUITests.release.xcconfig */,
			);
			path = Pods;
			sourceTree = "<group>";
		};
/* End PBXGroup section */

/* Begin PBXNativeTarget section */
		A0397802241606FE00C2ED10 /* YMDouYuZB */ = {
			isa = PBXNativeTarget;
			buildConfigurationList = A039782D2416070400C2ED10 /* Build configuration list for PBXNativeTarget "YMDouYuZB" */;
			buildPhases = (
				FCFDAD0D7BFE91B55D691D61 /* [CP] Check Pods Manifest.lock */,
				A03977FF241606FE00C2ED10 /* Sources */,
				A0397800241606FE00C2ED10 /* Frameworks */,
				A0397801241606FE00C2ED10 /* Resources */,
				36B74E31781DDCDC270BF759 /* [CP] Embed Pods Frameworks */,
			);
			buildRules = (
			);
			dependencies = (
			);
			name = YMDouYuZB;
			productName = YMDouYuZB;
			productReference = A0397803241606FE00C2ED10 /* YMDouYuZB.app */;
			productType = "com.apple.product-type.application";
		};
		A03978182416070400C2ED10 /* YMDouYuZBTests */ = {
			isa = PBXNativeTarget;
			buildConfigurationList = A03978302416070400C2ED10 /* Build configuration list for PBXNativeTarget "YMDouYuZBTests" */;
			buildPhases = (
				961561EE2F03805DF6C04C32 /* [CP] Check Pods Manifest.lock */,
				A03978152416070400C2ED10 /* Sources */,
				A03978162416070400C2ED10 /* Frameworks */,
				A03978172416070400C2ED10 /* Resources */,
			);
			buildRules = (
			);
			dependencies = (
				A039781B2416070400C2ED10 /* PBXTargetDependency */,
			);
			name = YMDouYuZBTests;
			productName = YMDouYuZBTests;
			productReference = A03978192416070400C2ED10 /* YMDouYuZBTests.xctest */;
			productType = "com.apple.product-type.bundle.unit-test";
		};
		A03978232416070400C2ED10 /* YMDouYuZBUITests */ = {
			isa = PBXNativeTarget;
			buildConfigurationList = A03978332416070400C2ED10 /* Build configuration list for PBXNativeTarget "YMDouYuZBUITests" */;
			buildPhases = (
				18A38335620CCA564C7A2B48 /* [CP] Check Pods Manifest.lock */,
				A03978202416070400C2ED10 /* Sources */,
				A03978212416070400C2ED10 /* Frameworks */,
				A03978222416070400C2ED10 /* Resources */,
			);
			buildRules = (
			);
			dependencies = (
				A03978262416070400C2ED10 /* PBXTargetDependency */,
			);
			name = YMDouYuZBUITests;
			productName = YMDouYuZBUITests;
			productReference = A03978242416070400C2ED10 /* YMDouYuZBUITests.xctest */;
			productType = "com.apple.product-type.bundle.ui-testing";
		};
/* End PBXNativeTarget section */

/* Begin PBXProject section */
		A03977FB241606FE00C2ED10 /* Project object */ = {
			isa = PBXProject;
			attributes = {
				LastSwiftUpdateCheck = 1110;
				LastUpgradeCheck = 1110;
				ORGANIZATIONNAME = "占益民";
				TargetAttributes = {
					A0397802241606FE00C2ED10 = {
						CreatedOnToolsVersion = 11.1;
					};
					A03978182416070400C2ED10 = {
						CreatedOnToolsVersion = 11.1;
						TestTargetID = A0397802241606FE00C2ED10;
					};
					A03978232416070400C2ED10 = {
						CreatedOnToolsVersion = 11.1;
						TestTargetID = A0397802241606FE00C2ED10;
					};
				};
			};
			buildConfigurationList = A03977FE241606FE00C2ED10 /* Build configuration list for PBXProject "YMDouYuZB" */;
			compatibilityVersion = "Xcode 9.3";
			developmentRegion = en;
			hasScannedForEncodings = 0;
			knownRegions = (
				en,
				Base,
			);
			mainGroup = A03977FA241606FE00C2ED10;
			productRefGroup = A0397804241606FE00C2ED10 /* Products */;
			projectDirPath = "";
			projectRoot = "";
			targets = (
				A0397802241606FE00C2ED10 /* YMDouYuZB */,
				A03978182416070400C2ED10 /* YMDouYuZBTests */,
				A03978232416070400C2ED10 /* YMDouYuZBUITests */,
			);
		};
/* End PBXProject section */

/* Begin PBXResourcesBuildPhase section */
		A0397801241606FE00C2ED10 /* Resources */ = {
			isa = PBXResourcesBuildPhase;
			buildActionMask = 2147483647;
			files = (
				A039784A2416380100C2ED10 /* Home.storyboard in Resources */,
				A057A1332419CD550025CAF6 /* RecommendReusableHeaderView.xib in Resources */,
				A03978132416070300C2ED10 /* LaunchScreen.storyboard in Resources */,
				A03978102416070300C2ED10 /* Assets.xcassets in Resources */,
				A057A13B2419DCA60025CAF6 /* CollectionViewPrettyCell.xib in Resources */,
				A039780E241606FE00C2ED10 /* Main.storyboard in Resources */,
				A057A1372419D24C0025CAF6 /* CollectionViewNormalCell.xib in Resources */,
				A039784C2416382C00C2ED10 /* Follow.storyboard in Resources */,
				A039784124162CCD00C2ED10 /* Live.storyboard in Resources */,
				A039784624162CF600C2ED10 /* Profile.storyboard in Resources */,
			);
			runOnlyForDeploymentPostprocessing = 0;
		};
		A03978172416070400C2ED10 /* Resources */ = {
			isa = PBXResourcesBuildPhase;
			buildActionMask = 2147483647;
			files = (
			);
			runOnlyForDeploymentPostprocessing = 0;
		};
		A03978222416070400C2ED10 /* Resources */ = {
			isa = PBXResourcesBuildPhase;
			buildActionMask = 2147483647;
			files = (
			);
			runOnlyForDeploymentPostprocessing = 0;
		};
/* End PBXResourcesBuildPhase section */

/* Begin PBXShellScriptBuildPhase section */
		18A38335620CCA564C7A2B48 /* [CP] Check Pods Manifest.lock */ = {
			isa = PBXShellScriptBuildPhase;
			buildActionMask = 2147483647;
			files = (
			);
			inputFileListPaths = (
			);
			inputPaths = (
				"${PODS_PODFILE_DIR_PATH}/Podfile.lock",
				"${PODS_ROOT}/Manifest.lock",
			);
			name = "[CP] Check Pods Manifest.lock";
			outputFileListPaths = (
			);
			outputPaths = (
				"$(DERIVED_FILE_DIR)/Pods-YMDouYuZBUITests-checkManifestLockResult.txt",
			);
			runOnlyForDeploymentPostprocessing = 0;
			shellPath = /bin/sh;
			shellScript = "diff \"${PODS_PODFILE_DIR_PATH}/Podfile.lock\" \"${PODS_ROOT}/Manifest.lock\" > /dev/null\nif [ $? != 0 ] ; then\n    # print error to STDERR\n    echo \"error: The sandbox is not in sync with the Podfile.lock. Run 'pod install' or update your CocoaPods installation.\" >&2\n    exit 1\nfi\n# This output is used by Xcode 'outputs' to avoid re-running this script phase.\necho \"SUCCESS\" > \"${SCRIPT_OUTPUT_FILE_0}\"\n";
			showEnvVarsInLog = 0;
		};
		36B74E31781DDCDC270BF759 /* [CP] Embed Pods Frameworks */ = {
			isa = PBXShellScriptBuildPhase;
			buildActionMask = 2147483647;
			files = (
			);
			inputFileListPaths = (
				"${PODS_ROOT}/Target Support Files/Pods-YMDouYuZB/Pods-YMDouYuZB-frameworks-${CONFIGURATION}-input-files.xcfilelist",
			);
			name = "[CP] Embed Pods Frameworks";
			outputFileListPaths = (
				"${PODS_ROOT}/Target Support Files/Pods-YMDouYuZB/Pods-YMDouYuZB-frameworks-${CONFIGURATION}-output-files.xcfilelist",
			);
			runOnlyForDeploymentPostprocessing = 0;
			shellPath = /bin/sh;
			shellScript = "\"${PODS_ROOT}/Target Support Files/Pods-YMDouYuZB/Pods-YMDouYuZB-frameworks.sh\"\n";
			showEnvVarsInLog = 0;
		};
		961561EE2F03805DF6C04C32 /* [CP] Check Pods Manifest.lock */ = {
			isa = PBXShellScriptBuildPhase;
			buildActionMask = 2147483647;
			files = (
			);
			inputFileListPaths = (
			);
			inputPaths = (
				"${PODS_PODFILE_DIR_PATH}/Podfile.lock",
				"${PODS_ROOT}/Manifest.lock",
			);
			name = "[CP] Check Pods Manifest.lock";
			outputFileListPaths = (
			);
			outputPaths = (
				"$(DERIVED_FILE_DIR)/Pods-YMDouYuZBTests-checkManifestLockResult.txt",
			);
			runOnlyForDeploymentPostprocessing = 0;
			shellPath = /bin/sh;
			shellScript = "diff \"${PODS_PODFILE_DIR_PATH}/Podfile.lock\" \"${PODS_ROOT}/Manifest.lock\" > /dev/null\nif [ $? != 0 ] ; then\n    # print error to STDERR\n    echo \"error: The sandbox is not in sync with the Podfile.lock. Run 'pod install' or update your CocoaPods installation.\" >&2\n    exit 1\nfi\n# This output is used by Xcode 'outputs' to avoid re-running this script phase.\necho \"SUCCESS\" > \"${SCRIPT_OUTPUT_FILE_0}\"\n";
			showEnvVarsInLog = 0;
		};
		FCFDAD0D7BFE91B55D691D61 /* [CP] Check Pods Manifest.lock */ = {
			isa = PBXShellScriptBuildPhase;
			buildActionMask = 2147483647;
			files = (
			);
			inputFileListPaths = (
			);
			inputPaths = (
				"${PODS_PODFILE_DIR_PATH}/Podfile.lock",
				"${PODS_ROOT}/Manifest.lock",
			);
			name = "[CP] Check Pods Manifest.lock";
			outputFileListPaths = (
			);
			outputPaths = (
				"$(DERIVED_FILE_DIR)/Pods-YMDouYuZB-checkManifestLockResult.txt",
			);
			runOnlyForDeploymentPostprocessing = 0;
			shellPath = /bin/sh;
			shellScript = "diff \"${PODS_PODFILE_DIR_PATH}/Podfile.lock\" \"${PODS_ROOT}/Manifest.lock\" > /dev/null\nif [ $? != 0 ] ; then\n    # print error to STDERR\n    echo \"error: The sandbox is not in sync with the Podfile.lock. Run 'pod install' or update your CocoaPods installation.\" >&2\n    exit 1\nfi\n# This output is used by Xcode 'outputs' to avoid re-running this script phase.\necho \"SUCCESS\" > \"${SCRIPT_OUTPUT_FILE_0}\"\n";
			showEnvVarsInLog = 0;
		};
/* End PBXShellScriptBuildPhase section */

/* Begin PBXSourcesBuildPhase section */
		A03977FF241606FE00C2ED10 /* Sources */ = {
			isa = PBXSourcesBuildPhase;
			buildActionMask = 2147483647;
			files = (
				A04FB4B72417348900B6C9DC /* Common.swift in Sources */,
				A0CD5490241A1C50007FF54E /* AnchorGroupModel.swift in Sources */,
				A04FB4B9241768CB00B6C9DC /* PageContentView.swift in Sources */,
				A057A13D2419FE0A0025CAF6 /* NetworkTools.swift in Sources */,
				A0CD5492241A22BB007FF54E /* BaseGameModel.swift in Sources */,
				A04FB4BB24176E8200B6C9DC /* UIColor_Extention.swift in Sources */,
				A057A1362419D24C0025CAF6 /* CollectionViewNormalCell.swift in Sources */,
				A057A13A2419DCA60025CAF6 /* CollectionViewPrettyCell.swift in Sources */,
				A0397854241646B500C2ED10 /* HomeViewController.swift in Sources */,
				A04FB4B52417277A00B6C9DC /* PageTitleView.swift in Sources */,
				A0CD548C241A16D9007FF54E /* NSDate-Extension.swift in Sources */,
				A057A12F2418D6840025CAF6 /* RecommendController.swift in Sources */,
				A0397857241657C100C2ED10 /* UIBarButtonItem_Extention.swift in Sources */,
				A0CD548A241A136B007FF54E /* RecommedViewModel.swift in Sources */,
				A039780B241606FE00C2ED10 /* ViewController.swift in Sources */,
				A0397807241606FE00C2ED10 /* AppDelegate.swift in Sources */,
				A0397809241606FE00C2ED10 /* SceneDelegate.swift in Sources */,
				A0397848241635BE00C2ED10 /* MainViewController.swift in Sources */,
				A0CD548E241A1C33007FF54E /* AnchorModel.swift in Sources */,
				A057A1322419CD550025CAF6 /* RecommendReusableHeaderView.swift in Sources */,
			);
			runOnlyForDeploymentPostprocessing = 0;
		};
		A03978152416070400C2ED10 /* Sources */ = {
			isa = PBXSourcesBuildPhase;
			buildActionMask = 2147483647;
			files = (
				A039781E2416070400C2ED10 /* YMDouYuZBTests.swift in Sources */,
			);
			runOnlyForDeploymentPostprocessing = 0;
		};
		A03978202416070400C2ED10 /* Sources */ = {
			isa = PBXSourcesBuildPhase;
			buildActionMask = 2147483647;
			files = (
				A03978292416070400C2ED10 /* YMDouYuZBUITests.swift in Sources */,
			);
			runOnlyForDeploymentPostprocessing = 0;
		};
/* End PBXSourcesBuildPhase section */

/* Begin PBXTargetDependency section */
		A039781B2416070400C2ED10 /* PBXTargetDependency */ = {
			isa = PBXTargetDependency;
			target = A0397802241606FE00C2ED10 /* YMDouYuZB */;
			targetProxy = A039781A2416070400C2ED10 /* PBXContainerItemProxy */;
		};
		A03978262416070400C2ED10 /* PBXTargetDependency */ = {
			isa = PBXTargetDependency;
			target = A0397802241606FE00C2ED10 /* YMDouYuZB */;
			targetProxy = A03978252416070400C2ED10 /* PBXContainerItemProxy */;
		};
/* End PBXTargetDependency section */

/* Begin PBXVariantGroup section */
		A039780C241606FE00C2ED10 /* Main.storyboard */ = {
			isa = PBXVariantGroup;
			children = (
				A039780D241606FE00C2ED10 /* Base */,
			);
			name = Main.storyboard;
			sourceTree = "<group>";
		};
		A03978112416070300C2ED10 /* LaunchScreen.storyboard */ = {
			isa = PBXVariantGroup;
			children = (
				A03978122416070300C2ED10 /* Base */,
			);
			name = LaunchScreen.storyboard;
			sourceTree = "<group>";
		};
/* End PBXVariantGroup section */

/* Begin XCBuildConfiguration section */
		A039782B2416070400C2ED10 /* Debug */ = {
			isa = XCBuildConfiguration;
			buildSettings = {
				ALWAYS_SEARCH_USER_PATHS = NO;
				CLANG_ANALYZER_NONNULL = YES;
				CLANG_ANALYZER_NUMBER_OBJECT_CONVERSION = YES_AGGRESSIVE;
				CLANG_CXX_LANGUAGE_STANDARD = "gnu++14";
				CLANG_CXX_LIBRARY = "libc++";
				CLANG_ENABLE_MODULES = YES;
				CLANG_ENABLE_OBJC_ARC = YES;
				CLANG_ENABLE_OBJC_WEAK = YES;
				CLANG_WARN_BLOCK_CAPTURE_AUTORELEASING = YES;
				CLANG_WARN_BOOL_CONVERSION = YES;
				CLANG_WARN_COMMA = YES;
				CLANG_WARN_CONSTANT_CONVERSION = YES;
				CLANG_WARN_DEPRECATED_OBJC_IMPLEMENTATIONS = YES;
				CLANG_WARN_DIRECT_OBJC_ISA_USAGE = YES_ERROR;
				CLANG_WARN_DOCUMENTATION_COMMENTS = YES;
				CLANG_WARN_EMPTY_BODY = YES;
				CLANG_WARN_ENUM_CONVERSION = YES;
				CLANG_WARN_INFINITE_RECURSION = YES;
				CLANG_WARN_INT_CONVERSION = YES;
				CLANG_WARN_NON_LITERAL_NULL_CONVERSION = YES;
				CLANG_WARN_OBJC_IMPLICIT_RETAIN_SELF = YES;
				CLANG_WARN_OBJC_LITERAL_CONVERSION = YES;
				CLANG_WARN_OBJC_ROOT_CLASS = YES_ERROR;
				CLANG_WARN_RANGE_LOOP_ANALYSIS = YES;
				CLANG_WARN_STRICT_PROTOTYPES = YES;
				CLANG_WARN_SUSPICIOUS_MOVE = YES;
				CLANG_WARN_UNGUARDED_AVAILABILITY = YES_AGGRESSIVE;
				CLANG_WARN_UNREACHABLE_CODE = YES;
				CLANG_WARN__DUPLICATE_METHOD_MATCH = YES;
				COPY_PHASE_STRIP = NO;
				DEBUG_INFORMATION_FORMAT = dwarf;
				ENABLE_STRICT_OBJC_MSGSEND = YES;
				ENABLE_TESTABILITY = YES;
				GCC_C_LANGUAGE_STANDARD = gnu11;
				GCC_DYNAMIC_NO_PIC = NO;
				GCC_NO_COMMON_BLOCKS = YES;
				GCC_OPTIMIZATION_LEVEL = 0;
				GCC_PREPROCESSOR_DEFINITIONS = (
					"DEBUG=1",
					"$(inherited)",
				);
				GCC_WARN_64_TO_32_BIT_CONVERSION = YES;
				GCC_WARN_ABOUT_RETURN_TYPE = YES_ERROR;
				GCC_WARN_UNDECLARED_SELECTOR = YES;
				GCC_WARN_UNINITIALIZED_AUTOS = YES_AGGRESSIVE;
				GCC_WARN_UNUSED_FUNCTION = YES;
				GCC_WARN_UNUSED_VARIABLE = YES;
				IPHONEOS_DEPLOYMENT_TARGET = 13.0;
				MTL_ENABLE_DEBUG_INFO = INCLUDE_SOURCE;
				MTL_FAST_MATH = YES;
				ONLY_ACTIVE_ARCH = YES;
				SDKROOT = iphoneos;
				SWIFT_ACTIVE_COMPILATION_CONDITIONS = DEBUG;
				SWIFT_OPTIMIZATION_LEVEL = "-Onone";
			};
			name = Debug;
		};
		A039782C2416070400C2ED10 /* Release */ = {
			isa = XCBuildConfiguration;
			buildSettings = {
				ALWAYS_SEARCH_USER_PATHS = NO;
				CLANG_ANALYZER_NONNULL = YES;
				CLANG_ANALYZER_NUMBER_OBJECT_CONVERSION = YES_AGGRESSIVE;
				CLANG_CXX_LANGUAGE_STANDARD = "gnu++14";
				CLANG_CXX_LIBRARY = "libc++";
				CLANG_ENABLE_MODULES = YES;
				CLANG_ENABLE_OBJC_ARC = YES;
				CLANG_ENABLE_OBJC_WEAK = YES;
				CLANG_WARN_BLOCK_CAPTURE_AUTORELEASING = YES;
				CLANG_WARN_BOOL_CONVERSION = YES;
				CLANG_WARN_COMMA = YES;
				CLANG_WARN_CONSTANT_CONVERSION = YES;
				CLANG_WARN_DEPRECATED_OBJC_IMPLEMENTATIONS = YES;
				CLANG_WARN_DIRECT_OBJC_ISA_USAGE = YES_ERROR;
				CLANG_WARN_DOCUMENTATION_COMMENTS = YES;
				CLANG_WARN_EMPTY_BODY = YES;
				CLANG_WARN_ENUM_CONVERSION = YES;
				CLANG_WARN_INFINITE_RECURSION = YES;
				CLANG_WARN_INT_CONVERSION = YES;
				CLANG_WARN_NON_LITERAL_NULL_CONVERSION = YES;
				CLANG_WARN_OBJC_IMPLICIT_RETAIN_SELF = YES;
				CLANG_WARN_OBJC_LITERAL_CONVERSION = YES;
				CLANG_WARN_OBJC_ROOT_CLASS = YES_ERROR;
				CLANG_WARN_RANGE_LOOP_ANALYSIS = YES;
				CLANG_WARN_STRICT_PROTOTYPES = YES;
				CLANG_WARN_SUSPICIOUS_MOVE = YES;
				CLANG_WARN_UNGUARDED_AVAILABILITY = YES_AGGRESSIVE;
				CLANG_WARN_UNREACHABLE_CODE = YES;
				CLANG_WARN__DUPLICATE_METHOD_MATCH = YES;
				COPY_PHASE_STRIP = NO;
				DEBUG_INFORMATION_FORMAT = "dwarf-with-dsym";
				ENABLE_NS_ASSERTIONS = NO;
				ENABLE_STRICT_OBJC_MSGSEND = YES;
				GCC_C_LANGUAGE_STANDARD = gnu11;
				GCC_NO_COMMON_BLOCKS = YES;
				GCC_WARN_64_TO_32_BIT_CONVERSION = YES;
				GCC_WARN_ABOUT_RETURN_TYPE = YES_ERROR;
				GCC_WARN_UNDECLARED_SELECTOR = YES;
				GCC_WARN_UNINITIALIZED_AUTOS = YES_AGGRESSIVE;
				GCC_WARN_UNUSED_FUNCTION = YES;
				GCC_WARN_UNUSED_VARIABLE = YES;
				IPHONEOS_DEPLOYMENT_TARGET = 13.0;
				MTL_ENABLE_DEBUG_INFO = NO;
				MTL_FAST_MATH = YES;
				SDKROOT = iphoneos;
				SWIFT_COMPILATION_MODE = wholemodule;
				SWIFT_OPTIMIZATION_LEVEL = "-O";
				VALIDATE_PRODUCT = YES;
			};
			name = Release;
		};
		A039782E2416070400C2ED10 /* Debug */ = {
			isa = XCBuildConfiguration;
			baseConfigurationReference = 2A8C535B9539EBA5816925D2 /* Pods-YMDouYuZB.debug.xcconfig */;
			buildSettings = {
				ASSETCATALOG_COMPILER_APPICON_NAME = AppIcon;
				ASSETCATALOG_COMPILER_LAUNCHIMAGE_NAME = BrandAssets;
				CODE_SIGN_STYLE = Automatic;
				DEVELOPMENT_TEAM = 55ZH5PXLU7;
				INFOPLIST_FILE = YMDouYuZB/Info.plist;
				LD_RUNPATH_SEARCH_PATHS = (
					"$(inherited)",
					"@executable_path/Frameworks",
				);
				PRODUCT_BUNDLE_IDENTIFIER = com.Allen.YMDouYuZB;
				PRODUCT_NAME = "$(TARGET_NAME)";
				SWIFT_VERSION = 5.0;
				TARGETED_DEVICE_FAMILY = "1,2";
			};
			name = Debug;
		};
		A039782F2416070400C2ED10 /* Release */ = {
			isa = XCBuildConfiguration;
			baseConfigurationReference = 2B975FFB6E5E29E819AF92B0 /* Pods-YMDouYuZB.release.xcconfig */;
			buildSettings = {
				ASSETCATALOG_COMPILER_APPICON_NAME = AppIcon;
				ASSETCATALOG_COMPILER_LAUNCHIMAGE_NAME = BrandAssets;
				CODE_SIGN_STYLE = Automatic;
				DEVELOPMENT_TEAM = 55ZH5PXLU7;
				INFOPLIST_FILE = YMDouYuZB/Info.plist;
				LD_RUNPATH_SEARCH_PATHS = (
					"$(inherited)",
					"@executable_path/Frameworks",
				);
				PRODUCT_BUNDLE_IDENTIFIER = com.Allen.YMDouYuZB;
				PRODUCT_NAME = "$(TARGET_NAME)";
				SWIFT_VERSION = 5.0;
				TARGETED_DEVICE_FAMILY = "1,2";
			};
			name = Release;
		};
		A03978312416070400C2ED10 /* Debug */ = {
			isa = XCBuildConfiguration;
			baseConfigurationReference = 68FF4C16A3EE685B8CCECFF9 /* Pods-YMDouYuZBTests.debug.xcconfig */;
			buildSettings = {
				ALWAYS_EMBED_SWIFT_STANDARD_LIBRARIES = YES;
				BUNDLE_LOADER = "$(TEST_HOST)";
				CODE_SIGN_STYLE = Automatic;
				DEVELOPMENT_TEAM = 55ZH5PXLU7;
				INFOPLIST_FILE = YMDouYuZBTests/Info.plist;
				IPHONEOS_DEPLOYMENT_TARGET = 13.1;
				LD_RUNPATH_SEARCH_PATHS = (
					"$(inherited)",
					"@executable_path/Frameworks",
					"@loader_path/Frameworks",
				);
				PRODUCT_BUNDLE_IDENTIFIER = Allen.YMDouYuZBTests;
				PRODUCT_NAME = "$(TARGET_NAME)";
				SWIFT_VERSION = 5.0;
				TARGETED_DEVICE_FAMILY = "1,2";
				TEST_HOST = "$(BUILT_PRODUCTS_DIR)/YMDouYuZB.app/YMDouYuZB";
			};
			name = Debug;
		};
		A03978322416070400C2ED10 /* Release */ = {
			isa = XCBuildConfiguration;
			baseConfigurationReference = 48A551C11B4985D419C3AD5F /* Pods-YMDouYuZBTests.release.xcconfig */;
			buildSettings = {
				ALWAYS_EMBED_SWIFT_STANDARD_LIBRARIES = YES;
				BUNDLE_LOADER = "$(TEST_HOST)";
				CODE_SIGN_STYLE = Automatic;
				DEVELOPMENT_TEAM = 55ZH5PXLU7;
				INFOPLIST_FILE = YMDouYuZBTests/Info.plist;
				IPHONEOS_DEPLOYMENT_TARGET = 13.1;
				LD_RUNPATH_SEARCH_PATHS = (
					"$(inherited)",
					"@executable_path/Frameworks",
					"@loader_path/Frameworks",
				);
				PRODUCT_BUNDLE_IDENTIFIER = Allen.YMDouYuZBTests;
				PRODUCT_NAME = "$(TARGET_NAME)";
				SWIFT_VERSION = 5.0;
				TARGETED_DEVICE_FAMILY = "1,2";
				TEST_HOST = "$(BUILT_PRODUCTS_DIR)/YMDouYuZB.app/YMDouYuZB";
			};
			name = Release;
		};
		A03978342416070400C2ED10 /* Debug */ = {
			isa = XCBuildConfiguration;
			baseConfigurationReference = A70FAE2476D7012BEABCF385 /* Pods-YMDouYuZBUITests.debug.xcconfig */;
			buildSettings = {
				ALWAYS_EMBED_SWIFT_STANDARD_LIBRARIES = YES;
				CODE_SIGN_STYLE = Automatic;
				DEVELOPMENT_TEAM = 55ZH5PXLU7;
				INFOPLIST_FILE = YMDouYuZBUITests/Info.plist;
				LD_RUNPATH_SEARCH_PATHS = (
					"$(inherited)",
					"@executable_path/Frameworks",
					"@loader_path/Frameworks",
				);
				PRODUCT_BUNDLE_IDENTIFIER = Allen.YMDouYuZBUITests;
				PRODUCT_NAME = "$(TARGET_NAME)";
				SWIFT_VERSION = 5.0;
				TARGETED_DEVICE_FAMILY = "1,2";
				TEST_TARGET_NAME = YMDouYuZB;
			};
			name = Debug;
		};
		A03978352416070400C2ED10 /* Release */ = {
			isa = XCBuildConfiguration;
			baseConfigurationReference = B62533A82B98888C69896783 /* Pods-YMDouYuZBUITests.release.xcconfig */;
			buildSettings = {
				ALWAYS_EMBED_SWIFT_STANDARD_LIBRARIES = YES;
				CODE_SIGN_STYLE = Automatic;
				DEVELOPMENT_TEAM = 55ZH5PXLU7;
				INFOPLIST_FILE = YMDouYuZBUITests/Info.plist;
				LD_RUNPATH_SEARCH_PATHS = (
					"$(inherited)",
					"@executable_path/Frameworks",
					"@loader_path/Frameworks",
				);
				PRODUCT_BUNDLE_IDENTIFIER = Allen.YMDouYuZBUITests;
				PRODUCT_NAME = "$(TARGET_NAME)";
				SWIFT_VERSION = 5.0;
				TARGETED_DEVICE_FAMILY = "1,2";
				TEST_TARGET_NAME = YMDouYuZB;
			};
			name = Release;
		};
/* End XCBuildConfiguration section */

/* Begin XCConfigurationList section */
		A03977FE241606FE00C2ED10 /* Build configuration list for PBXProject "YMDouYuZB" */ = {
			isa = XCConfigurationList;
			buildConfigurations = (
				A039782B2416070400C2ED10 /* Debug */,
				A039782C2416070400C2ED10 /* Release */,
			);
			defaultConfigurationIsVisible = 0;
			defaultConfigurationName = Release;
		};
		A039782D2416070400C2ED10 /* Build configuration list for PBXNativeTarget "YMDouYuZB" */ = {
			isa = XCConfigurationList;
			buildConfigurations = (
				A039782E2416070400C2ED10 /* Debug */,
				A039782F2416070400C2ED10 /* Release */,
			);
			defaultConfigurationIsVisible = 0;
			defaultConfigurationName = Release;
		};
		A03978302416070400C2ED10 /* Build configuration list for PBXNativeTarget "YMDouYuZBTests" */ = {
			isa = XCConfigurationList;
			buildConfigurations = (
				A03978312416070400C2ED10 /* Debug */,
				A03978322416070400C2ED10 /* Release */,
			);
			defaultConfigurationIsVisible = 0;
			defaultConfigurationName = Release;
		};
		A03978332416070400C2ED10 /* Build configuration list for PBXNativeTarget "YMDouYuZBUITests" */ = {
			isa = XCConfigurationList;
			buildConfigurations = (
				A03978342416070400C2ED10 /* Debug */,
				A03978352416070400C2ED10 /* Release */,
			);
			defaultConfigurationIsVisible = 0;
			defaultConfigurationName = Release;
		};
/* End XCConfigurationList section */
	};
	rootObject = A03977FB241606FE00C2ED10 /* Project object */;
}
